
Microsoft Visual Studio Solution File, Format Version 12.00
# Visual Studio Version 17
VisualStudioVersion = 17.0.32112.339
MinimumVisualStudioVersion = 10.0.40219.1
Project("{FAE04EC0-301F-11D3-BF4B-00C04F79EFBC}") = "Core6_FileDownload", "Core6_FileDownload.csproj", "{AA6084FF-531E-4468-8E02-863D8B3C3CB9}"
EndProject
Global
	GlobalSection(SolutionConfigurationPlatforms) = preSolution
		Debug|Any CPU = Debug|Any CPU
		Release|Any CPU = Release|Any CPU
	EndGlobalSection
	GlobalSection(ProjectConfigurationPlatforms) = postSolution
		{AA6084FF-531E-4468-8E02-863D8B3C3CB9}.Debug|Any CPU.ActiveCfg = Debug|Any CPU
		{AA6084FF-531E-4468-8E02-863D8B3C3CB9}.Debug|Any CPU.Build.0 = Debug|Any CPU
		{AA6084FF-531E-4468-8E02-863D8B3C3CB9}.Release|Any CPU.ActiveCfg = Release|Any CPU
		{AA6084FF-531E-4468-8E02-863D8B3C3CB9}.Release|Any CPU.Build.0 = Release|Any CPU
	EndGlobalSection
	GlobalSection(SolutionProperties) = preSolution
		HideSolutionNode = FALSE
	EndGlobalSection
	GlobalSection(ExtensibilityGlobals) = postSolution
		SolutionGuid = {E798345F-1744-45CE-94FC-8F7E76DB5382}
	EndGlobalSection
EndGlobal
